{
  "name": "@astronautlabs/rfc8331",
  "version": "0.0.14",
  "lockfileVersion": 1,
  "requires": true,
  "dependencies": {
    "@astronautlabs/bitstream": {
      "version": "0.0.24",
      "resolved": "https://registry.npmjs.org/@astronautlabs/bitstream/-/bitstream-0.0.24.tgz",
      "integrity": "sha512-mQUpqZYSgSGzc5dGKmCVDdGspmPElu8apQ3lMEwBsJQhUdUEvXffVlIMZIPmLeCQdkUu5nTajvQVC4IVjEVnVw==",
      "requires": {
        "stream-buffers": "^3.0.2"
      }
    },
    "@astronautlabs/st291": {
      "version": "0.0.7",
      "resolved": "https://registry.npmjs.org/@astronautlabs/st291/-/st291-0.0.7.tgz",
      "integrity": "sha512-AUE55r+H52pI+fO9JiP4GjI/xTeyjPNwrINUeEt5ygS1sFiNN624oOq5Jt9b74GllkkbA0fi12WsOJt2NJqMVg==",
      "requires": {
        "@astronautlabs/bitstream": "0.0.24"
      },
      "dependencies": {
        "@astronautlabs/bitstream": {
          "version": "0.0.24",
          "resolved": "https://registry.npmjs.org/@astronautlabs/bitstream/-/bitstream-0.0.24.tgz",
          "integrity": "sha512-mQUpqZYSgSGzc5dGKmCVDdGspmPElu8apQ3lMEwBsJQhUdUEvXffVlIMZIPmLeCQdkUu5nTajvQVC4IVjEVnVw==",
          "requires": {
            "stream-buffers": "^3.0.2"
          }
        }
      }
    },
    "@types/node": {
      "version": "14.0.4",
      "resolved": "https://registry.npmjs.org/@types/node/-/node-14.0.4.tgz",
      "integrity": "sha512-k3NqigXWRzQZVBDS5D1U70A5E8Qk4Kh+Ha/x4M8Bt9pF0X05eggfnC9+63Usc9Q928hRUIpIhTQaXsZwZBl4Ew==",
      "dev": true
    },
    "stream-buffers": {
      "version": "3.0.2",
      "resolved": "https://registry.npmjs.org/stream-buffers/-/stream-buffers-3.0.2.tgz",
      "integrity": "sha512-DQi1h8VEBA/lURbSwFtEHnSTb9s2/pwLEaFuNhXwy1Dx3Sa0lOuYT2yNUr4/j2fs8oCAMANtrZ5OrPZtyVs3MQ=="
    },
    "typescript": {
      "version": "4.0.5",
      "resolved": "https://registry.npmjs.org/typescript/-/typescript-4.0.5.tgz",
      "integrity": "sha512-ywmr/VrTVCmNTJ6iV2LwIrfG1P+lv6luD8sUJs+2eI9NLGigaN+nUQc13iHqisq7bra9lnmUSYqbJvegraBOPQ==",
      "dev": true
    }
  }
}
