{
  "name": "@astronautlabs/rfc8331",
  "version": "0.0.1",
  "lockfileVersion": 1,
  "requires": true,
  "dependencies": {
    "@astronautlabs/bitstream": {
      "version": "0.0.14",
      "resolved": "https://registry.npmjs.org/@astronautlabs/bitstream/-/bitstream-0.0.14.tgz",
      "integrity": "sha512-dzfiHhZqatIkxwijDQmNJ58GbFPx+h77iA8CVJK6Qox0L3JeSbzo5Hw0/Srywlh22vw5CYLl8L1flpOhgm68sg=="
    },
    "@types/node": {
      "version": "14.0.4",
      "resolved": "https://registry.npmjs.org/@types/node/-/node-14.0.4.tgz",
      "integrity": "sha512-k3NqigXWRzQZVBDS5D1U70A5E8Qk4Kh+Ha/x4M8Bt9pF0X05eggfnC9+63Usc9Q928hRUIpIhTQaXsZwZBl4Ew==",
      "dev": true
    }
  }
}
